# Prisma Migrate lockfile v1

20200612170249-create-table-users
20200612170700-create-table-clients
20200612171958-create-table-address
20200612172442-create-table-product
20200612172536-create-table-products
20200612172929-create-table-categorys
20200612174405-alter-table-address
20200612175153-alter-field-number-to-contact-in-clients
20200612175835-alter-type-column-contact-to-string
20200615171211-alter-field-category-in-product
20200615172306-alter-table-product-and-category
20200615173952-alter-fields-names
20200615181023-alter-category-add-fields-datetime
20200615181340-alter-category-add-field-created-at
20200615193811-add-field-created-at-into-all-tables
20200616135302-alter-relation-product-with-category
20200617013027-add-field-updated-at
20200625194731-add-field-name-user-in-table-user
20200706140240-add-field-zipcode-address
20200706143109-alter-field-zipcode-to-optional
20200706150932-add-zipcode-address